
Microsoft Visual Studio Solution File, Format Version 12.00
# Visual Studio Version 17
VisualStudioVersion = 17.9.34728.123
MinimumVisualStudioVersion = 10.0.40219.1
Project("{FAE04EC0-301F-11D3-BF4B-00C04F79EFBC}") = "WebStock", "WebStock.csproj", "{32B250E5-22DA-4C1F-AE30-6F8342C97336}"
EndProject
Global
	GlobalSection(SolutionConfigurationPlatforms) = preSolution
		Debug|Any CPU = Debug|Any CPU
		Release|Any CPU = Release|Any CPU
	EndGlobalSection
	GlobalSection(ProjectConfigurationPlatforms) = postSolution
		{32B250E5-22DA-4C1F-AE30-6F8342C97336}.Debug|Any CPU.ActiveCfg = Debug|Any CPU
		{32B250E5-22DA-4C1F-AE30-6F8342C97336}.Debug|Any CPU.Build.0 = Debug|Any CPU
		{32B250E5-22DA-4C1F-AE30-6F8342C97336}.Release|Any CPU.ActiveCfg = Release|Any CPU
		{32B250E5-22DA-4C1F-AE30-6F8342C97336}.Release|Any CPU.Build.0 = Release|Any CPU
	EndGlobalSection
	GlobalSection(SolutionProperties) = preSolution
		HideSolutionNode = FALSE
	EndGlobalSection
	GlobalSection(ExtensibilityGlobals) = postSolution
		SolutionGuid = {3463BF8E-A8AE-4B96-8BBC-4B2229F223FC}
	EndGlobalSection
EndGlobal
